// !$*UTF8*$!
{
	archiveVersion = 1;
	classes = {
	};
	objectVersion = 46;
	objects = {

/* Begin PBXBuildFile section */
		80183FEA1DB878A60069CDB4 /* AppDelegate.swift in Sources */ = {isa = PBXBuildFile; fileRef = 80183FE91DB878A60069CDB4 /* AppDelegate.swift */; };
		80183FEC1DB878A60069CDB4 /* ViewController.swift in Sources */ = {isa = PBXBuildFile; fileRef = 80183FEB1DB878A60069CDB4 /* ViewController.swift */; };
		80183FEF1DB878A60069CDB4 /* Main.storyboard in Resources */ = {isa = PBXBuildFile; fileRef = 80183FED1DB878A60069CDB4 /* Main.storyboard */; };
		80183FF11DB878A60069CDB4 /* Assets.xcassets in Resources */ = {isa = PBXBuildFile; fileRef = 80183FF01DB878A60069CDB4 /* Assets.xcassets */; };
		80183FF41DB878A60069CDB4 /* LaunchScreen.storyboard in Resources */ = {isa = PBXBuildFile; fileRef = 80183FF21DB878A60069CDB4 /* LaunchScreen.storyboard */; };
/* End PBXBuildFile section */

/* Begin PBXFileReference section */
		80183FE61DB878A60069CDB4 /* 震动效果.app */ = {isa = PBXFileReference; explicitFileType = wrapper.application; includeInIndex = 0; path = "震动效果.app"; sourceTree = BUILT_PRODUCTS_DIR; };
		80183FE91DB878A60069CDB4 /* AppDelegate.swift */ = {isa = PBXFileReference; lastKnownFileType = sourcecode.swift; path = AppDelegate.swift; sourceTree = "<group>"; };
		80183FEB1DB878A60069CDB4 /* ViewController.swift */ = {isa = PBXFileReference; lastKnownFileType = sourcecode.swift; path = ViewController.swift; sourceTree = "<group>"; };
		80183FEE1DB878A60069CDB4 /* Base */ = {isa = PBXFileReference; lastKnownFileType = file.storyboard; name = Base; path = Base.lproj/Main.storyboard; sourceTree = "<group>"; };
		80183FF01DB878A60069CDB4 /* Assets.xcassets */ = {isa = PBXFileReference; lastKnownFileType = folder.assetcatalog; path = Assets.xcassets; sourceTree = "<group>"; };
		80183FF31DB878A60069CDB4 /* Base */ = {isa = PBXFileReference; lastKnownFileType = file.storyboard; name = Base; path = Base.lproj/LaunchScreen.storyboard; sourceTree = "<group>"; };
		80183FF51DB878A60069CDB4 /* Info.plist */ = {isa = PBXFileReference; lastKnownFileType = text.plist.xml; path = Info.plist; sourceTree = "<group>"; };
/* End PBXFileReference section */

/* Begin PBXFrameworksBuildPhase section */
		80183FE31DB878A60069CDB4 /* Frameworks */ = {
			isa = PBXFrameworksBuildPhase;
			buildActionMask = 2147483647;
			files = (
			);
			runOnlyForDeploymentPostprocessing = 0;
		};
/* End PBXFrameworksBuildPhase section */

/* Begin PBXGroup section */
		80183FDD1DB878A60069CDB4 = {
			isa = PBXGroup;
			children = (
				80183FE81DB878A60069CDB4 /* 震动效果 */,
				80183FE71DB878A60069CDB4 /* Products */,
			);
			sourceTree = "<group>";
		};
		80183FE71DB878A60069CDB4 /* Products */ = {
			isa = PBXGroup;
			children = (
				80183FE61DB878A60069CDB4 /* 震动效果.app */,
			);
			name = Products;
			sourceTree = "<group>";
		};
		80183FE81DB878A60069CDB4 /* 震动效果 */ = {
			isa = PBXGroup;
			children = (
				80183FE91DB878A60069CDB4 /* AppDelegate.swift */,
				80183FEB1DB878A60069CDB4 /* ViewController.swift */,
				80183FED1DB878A60069CDB4 /* Main.storyboard */,
				80183FF01DB878A60069CDB4 /* Assets.xcassets */,
				80183FF21DB878A60069CDB4 /* LaunchScreen.storyboard */,
				80183FF51DB878A60069CDB4 /* Info.plist */,
			);
			path = "震动效果";
			sourceTree = "<group>";
		};
/* End PBXGroup section */

/* Begin PBXNativeTarget section */
		80183FE51DB878A60069CDB4 /* 震动效果 */ = {
			isa = PBXNativeTarget;
			buildConfigurationList = 80183FF81DB878A60069CDB4 /* Build configuration list for PBXNativeTarget "震动效果" */;
			buildPhases = (
				80183FE21DB878A60069CDB4 /* Sources */,
				80183FE31DB878A60069CDB4 /* Frameworks */,
				80183FE41DB878A60069CDB4 /* Resources */,
			);
			buildRules = (
			);
			dependencies = (
			);
			name = "震动效果";
			productName = "震动效果";
			productReference = 80183FE61DB878A60069CDB4 /* 震动效果.app */;
			productType = "com.apple.product-type.application";
		};
/* End PBXNativeTarget section */

/* Begin PBXProject section */
		80183FDE1DB878A60069CDB4 /* Project object */ = {
			isa = PBXProject;
			attributes = {
				LastSwiftUpdateCheck = 0800;
				LastUpgradeCheck = 0800;
				ORGANIZATIONNAME = huangbaoche;
				TargetAttributes = {
					80183FE51DB878A60069CDB4 = {
						CreatedOnToolsVersion = 8.0;
						DevelopmentTeam = XGRFCXS336;
						ProvisioningStyle = Automatic;
					};
				};
			};
			buildConfigurationList = 80183FE11DB878A60069CDB4 /* Build configuration list for PBXProject "震动效果" */;
			compatibilityVersion = "Xcode 3.2";
			developmentRegion = English;
			hasScannedForEncodings = 0;
			knownRegions = (
				en,
				Base,
			);
			mainGroup = 80183FDD1DB878A60069CDB4;
			productRefGroup = 80183FE71DB878A60069CDB4 /* Products */;
			projectDirPath = "";
			projectRoot = "";
			targets = (
				80183FE51DB878A60069CDB4 /* 震动效果 */,
			);
		};
/* End PBXProject section */

/* Begin PBXResourcesBuildPhase section */
		80183FE41DB878A60069CDB4 /* Resources */ = {
			isa = PBXResourcesBuildPhase;
			buildActionMask = 2147483647;
			files = (
				80183FF41DB878A60069CDB4 /* LaunchScreen.storyboard in Resources */,
				80183FF11DB878A60069CDB4 /* Assets.xcassets in Resources */,
				80183FEF1DB878A60069CDB4 /* Main.storyboard in Resources */,
			);
			runOnlyForDeploymentPostprocessing = 0;
		};
/* End PBXResourcesBuildPhase section */

/* Begin PBXSourcesBuildPhase section */
		80183FE21DB878A60069CDB4 /* Sources */ = {
			isa = PBXSourcesBuildPhase;
			buildActionMask = 2147483647;
			files = (
				80183FEC1DB878A60069CDB4 /* ViewController.swift in Sources */,
				80183FEA1DB878A60069CDB4 /* AppDelegate.swift in Sources */,
			);
			runOnlyForDeploymentPostprocessing = 0;
		};
/* End PBXSourcesBuildPhase section */

/* Begin PBXVariantGroup section */
		80183FED1DB878A60069CDB4 /* Main.storyboard */ = {
			isa = PBXVariantGroup;
			children = (
				80183FEE1DB878A60069CDB4 /* Base */,
			);
			name = Main.storyboard;
			sourceTree = "<group>";
		};
		80183FF21DB878A60069CDB4 /* LaunchScreen.storyboard */ = {
			isa = PBXVariantGroup;
			children = (
				80183FF31DB878A60069CDB4 /* Base */,
			);
			name = LaunchScreen.storyboard;
			sourceTree = "<group>";
		};
/* End PBXVariantGroup section */

/* Begin XCBuildConfiguration section */
		80183FF61DB878A60069CDB4 /* Debug */ = {
			isa = XCBuildConfiguration;
			buildSettings = {
				ALWAYS_SEARCH_USER_PATHS = NO;
				CLANG_ANALYZER_NONNULL = YES;
				CLANG_CXX_LANGUAGE_STANDARD = "gnu++0x";
				CLANG_CXX_LIBRARY = "libc++";
				CLANG_ENABLE_MODULES = YES;
				CLANG_ENABLE_OBJC_ARC = YES;
				CLANG_WARN_BOOL_CONVERSION = YES;
				CLANG_WARN_CONSTANT_CONVERSION = YES;
				CLANG_WARN_DIRECT_OBJC_ISA_USAGE = YES_ERROR;
				CLANG_WARN_DOCUMENTATION_COMMENTS = YES;
				CLANG_WARN_EMPTY_BODY = YES;
				CLANG_WARN_ENUM_CONVERSION = YES;
				CLANG_WARN_INFINITE_RECURSION = YES;
				CLANG_WARN_INT_CONVERSION = YES;
				CLANG_WARN_OBJC_ROOT_CLASS = YES_ERROR;
				CLANG_WARN_SUSPICIOUS_MOVES = YES;
				CLANG_WARN_UNREACHABLE_CODE = YES;
				CLANG_WARN__DUPLICATE_METHOD_MATCH = YES;
				"CODE_SIGN_IDENTITY[sdk=iphoneos*]" = "iPhone Developer";
				COPY_PHASE_STRIP = NO;
				DEBUG_INFORMATION_FORMAT = dwarf;
				ENABLE_STRICT_OBJC_MSGSEND = YES;
				ENABLE_TESTABILITY = YES;
				GCC_C_LANGUAGE_STANDARD = gnu99;
				GCC_DYNAMIC_NO_PIC = NO;
				GCC_NO_COMMON_BLOCKS = YES;
				GCC_OPTIMIZATION_LEVEL = 0;
				GCC_PREPROCESSOR_DEFINITIONS = (
					"DEBUG=1",
					"$(inherited)",
				);
				GCC_WARN_64_TO_32_BIT_CONVERSION = YES;
				GCC_WARN_ABOUT_RETURN_TYPE = YES_ERROR;
				GCC_WARN_UNDECLARED_SELECTOR = YES;
				GCC_WARN_UNINITIALIZED_AUTOS = YES_AGGRESSIVE;
				GCC_WARN_UNUSED_FUNCTION = YES;
				GCC_WARN_UNUSED_VARIABLE = YES;
				IPHONEOS_DEPLOYMENT_TARGET = 10.0;
				MTL_ENABLE_DEBUG_INFO = YES;
				ONLY_ACTIVE_ARCH = YES;
				SDKROOT = iphoneos;
				SWIFT_ACTIVE_COMPILATION_CONDITIONS = DEBUG;
				SWIFT_OPTIMIZATION_LEVEL = "-Onone";
				TARGETED_DEVICE_FAMILY = "1,2";
			};
			name = Debug;
		};
		80183FF71DB878A60069CDB4 /* Release */ = {
			isa = XCBuildConfiguration;
			buildSettings = {
				ALWAYS_SEARCH_USER_PATHS = NO;
				CLANG_ANALYZER_NONNULL = YES;
				CLANG_CXX_LANGUAGE_STANDARD = "gnu++0x";
				CLANG_CXX_LIBRARY = "libc++";
				CLANG_ENABLE_MODULES = YES;
				CLANG_ENABLE_OBJC_ARC = YES;
				CLANG_WARN_BOOL_CONVERSION = YES;
				CLANG_WARN_CONSTANT_CONVERSION = YES;
				CLANG_WARN_DIRECT_OBJC_ISA_USAGE = YES_ERROR;
				CLANG_WARN_DOCUMENTATION_COMMENTS = YES;
				CLANG_WARN_EMPTY_BODY = YES;
				CLANG_WARN_ENUM_CONVERSION = YES;
				CLANG_WARN_INFINITE_RECURSION = YES;
				CLANG_WARN_INT_CONVERSION = YES;
				CLANG_WARN_OBJC_ROOT_CLASS = YES_ERROR;
				CLANG_WARN_SUSPICIOUS_MOVES = YES;
				CLANG_WARN_UNREACHABLE_CODE = YES;
				CLANG_WARN__DUPLICATE_METHOD_MATCH = YES;
				"CODE_SIGN_IDENTITY[sdk=iphoneos*]" = "iPhone Developer";
				COPY_PHASE_STRIP = NO;
				DEBUG_INFORMATION_FORMAT = "dwarf-with-dsym";
				ENABLE_NS_ASSERTIONS = NO;
				ENABLE_STRICT_OBJC_MSGSEND = YES;
				GCC_C_LANGUAGE_STANDARD = gnu99;
				GCC_NO_COMMON_BLOCKS = YES;
				GCC_WARN_64_TO_32_BIT_CONVERSION = YES;
				GCC_WARN_ABOUT_RETURN_TYPE = YES_ERROR;
				GCC_WARN_UNDECLARED_SELECTOR = YES;
				GCC_WARN_UNINITIALIZED_AUTOS = YES_AGGRESSIVE;
				GCC_WARN_UNUSED_FUNCTION = YES;
				GCC_WARN_UNUSED_VARIABLE = YES;
				IPHONEOS_DEPLOYMENT_TARGET = 10.0;
				MTL_ENABLE_DEBUG_INFO = NO;
				SDKROOT = iphoneos;
				SWIFT_OPTIMIZATION_LEVEL = "-Owholemodule";
				TARGETED_DEVICE_FAMILY = "1,2";
				VALIDATE_PRODUCT = YES;
			};
			name = Release;
		};
		80183FF91DB878A60069CDB4 /* Debug */ = {
			isa = XCBuildConfiguration;
			buildSettings = {
				ASSETCATALOG_COMPILER_APPICON_NAME = AppIcon;
				DEVELOPMENT_TEAM = XGRFCXS336;
				INFOPLIST_FILE = "震动效果/Info.plist";
				LD_RUNPATH_SEARCH_PATHS = "$(inherited) @executable_path/Frameworks";
				PRODUCT_BUNDLE_IDENTIFIER = "HBC.----";
				PRODUCT_NAME = "$(TARGET_NAME)";
				SWIFT_VERSION = 3.0;
			};
			name = Debug;
		};
		80183FFA1DB878A60069CDB4 /* Release */ = {
			isa = XCBuildConfiguration;
			buildSettings = {
				ASSETCATALOG_COMPILER_APPICON_NAME = AppIcon;
				DEVELOPMENT_TEAM = XGRFCXS336;
				INFOPLIST_FILE = "震动效果/Info.plist";
				LD_RUNPATH_SEARCH_PATHS = "$(inherited) @executable_path/Frameworks";
				PRODUCT_BUNDLE_IDENTIFIER = "HBC.----";
				PRODUCT_NAME = "$(TARGET_NAME)";
				SWIFT_VERSION = 3.0;
			};
			name = Release;
		};
/* End XCBuildConfiguration section */

/* Begin XCConfigurationList section */
		80183FE11DB878A60069CDB4 /* Build configuration list for PBXProject "震动效果" */ = {
			isa = XCConfigurationList;
			buildConfigurations = (
				80183FF61DB878A60069CDB4 /* Debug */,
				80183FF71DB878A60069CDB4 /* Release */,
			);
			defaultConfigurationIsVisible = 0;
			defaultConfigurationName = Release;
		};
		80183FF81DB878A60069CDB4 /* Build configuration list for PBXNativeTarget "震动效果" */ = {
			isa = XCConfigurationList;
			buildConfigurations = (
				80183FF91DB878A60069CDB4 /* Debug */,
				80183FFA1DB878A60069CDB4 /* Release */,
			);
			defaultConfigurationIsVisible = 0;
		};
/* End XCConfigurationList section */
	};
	rootObject = 80183FDE1DB878A60069CDB4 /* Project object */;
}
